
Microsoft Visual Studio Solution File, Format Version 12.00
# Visual Studio Version 17
VisualStudioVersion = 17.5.002.0
MinimumVisualStudioVersion = 10.0.40219.1
Project("{9A19103F-16F7-4668-BE54-9A1E7A4F7556}") = "Functions", "Functions.csproj", "{13D93EB6-CDD1-42D1-ABB0-468523E8405B}"
EndProject
Global
	GlobalSection(SolutionConfigurationPlatforms) = preSolution
		Debug|Any CPU = Debug|Any CPU
		Release|Any CPU = Release|Any CPU
	EndGlobalSection
	GlobalSection(ProjectConfigurationPlatforms) = postSolution
		{13D93EB6-CDD1-42D1-ABB0-468523E8405B}.Debug|Any CPU.ActiveCfg = Debug|Any CPU
		{13D93EB6-CDD1-42D1-ABB0-468523E8405B}.Debug|Any CPU.Build.0 = Debug|Any CPU
		{13D93EB6-CDD1-42D1-ABB0-468523E8405B}.Release|Any CPU.ActiveCfg = Release|Any CPU
		{13D93EB6-CDD1-42D1-ABB0-468523E8405B}.Release|Any CPU.Build.0 = Release|Any CPU
	EndGlobalSection
	GlobalSection(SolutionProperties) = preSolution
		HideSolutionNode = FALSE
	EndGlobalSection
	GlobalSection(ExtensibilityGlobals) = postSolution
		SolutionGuid = {00565A20-A981-42A9-BBFB-EC0D4AA41A48}
	EndGlobalSection
EndGlobal
