
Microsoft Visual Studio Solution File, Format Version 12.00
Project("{FAE04EC0-301F-11D3-BF4B-00C04F79EFBC}") = "ParserAPI", "ParserAPI\ParserAPI.csproj", "{BBC7A9CF-6CC4-4C4B-84C8-2C6D9AEC1524}"
EndProject
Project("{FAE04EC0-301F-11D3-BF4B-00C04F79EFBC}") = "ParserAPI.Domain", "ParserAPI.Domain\ParserAPI.Domain.csproj", "{6F02705C-A355-4F8D-AD39-510087E6E8F9}"
EndProject
Project("{FAE04EC0-301F-11D3-BF4B-00C04F79EFBC}") = "ParserAPI.Business", "ParserAPI.Business\ParserAPI.Business.csproj", "{7F442A93-184B-4145-88F9-532B2D0514C6}"
EndProject
Global
	GlobalSection(SolutionConfigurationPlatforms) = preSolution
		Debug|Any CPU = Debug|Any CPU
		Release|Any CPU = Release|Any CPU
	EndGlobalSection
	GlobalSection(ProjectConfigurationPlatforms) = postSolution
		{BBC7A9CF-6CC4-4C4B-84C8-2C6D9AEC1524}.Debug|Any CPU.ActiveCfg = Debug|Any CPU
		{BBC7A9CF-6CC4-4C4B-84C8-2C6D9AEC1524}.Debug|Any CPU.Build.0 = Debug|Any CPU
		{BBC7A9CF-6CC4-4C4B-84C8-2C6D9AEC1524}.Release|Any CPU.ActiveCfg = Release|Any CPU
		{BBC7A9CF-6CC4-4C4B-84C8-2C6D9AEC1524}.Release|Any CPU.Build.0 = Release|Any CPU
		{6F02705C-A355-4F8D-AD39-510087E6E8F9}.Debug|Any CPU.ActiveCfg = Debug|Any CPU
		{6F02705C-A355-4F8D-AD39-510087E6E8F9}.Debug|Any CPU.Build.0 = Debug|Any CPU
		{6F02705C-A355-4F8D-AD39-510087E6E8F9}.Release|Any CPU.ActiveCfg = Release|Any CPU
		{6F02705C-A355-4F8D-AD39-510087E6E8F9}.Release|Any CPU.Build.0 = Release|Any CPU
		{7F442A93-184B-4145-88F9-532B2D0514C6}.Debug|Any CPU.ActiveCfg = Debug|Any CPU
		{7F442A93-184B-4145-88F9-532B2D0514C6}.Debug|Any CPU.Build.0 = Debug|Any CPU
		{7F442A93-184B-4145-88F9-532B2D0514C6}.Release|Any CPU.ActiveCfg = Release|Any CPU
		{7F442A93-184B-4145-88F9-532B2D0514C6}.Release|Any CPU.Build.0 = Release|Any CPU
	EndGlobalSection
EndGlobal
